
Microsoft Visual Studio Solution File, Format Version 12.00
# Visual Studio 15
VisualStudioVersion = 15.0.28307.960
MinimumVisualStudioVersion = 10.0.40219.1
Project("{FAE04EC0-301F-11D3-BF4B-00C04F79EFBC}") = "Example1", "Example1\Example1.csproj", "{26260A98-6EF0-4EB3-BCD5-FE4ED59B9AAD}"
EndProject
Global
	GlobalSection(SolutionConfigurationPlatforms) = preSolution
		Debug|Any CPU = Debug|Any CPU
		Release|Any CPU = Release|Any CPU
	EndGlobalSection
	GlobalSection(ProjectConfigurationPlatforms) = postSolution
		{26260A98-6EF0-4EB3-BCD5-FE4ED59B9AAD}.Debug|Any CPU.ActiveCfg = Debug|Any CPU
		{26260A98-6EF0-4EB3-BCD5-FE4ED59B9AAD}.Debug|Any CPU.Build.0 = Debug|Any CPU
		{26260A98-6EF0-4EB3-BCD5-FE4ED59B9AAD}.Release|Any CPU.ActiveCfg = Release|Any CPU
		{26260A98-6EF0-4EB3-BCD5-FE4ED59B9AAD}.Release|Any CPU.Build.0 = Release|Any CPU
	EndGlobalSection
	GlobalSection(SolutionProperties) = preSolution
		HideSolutionNode = FALSE
	EndGlobalSection
	GlobalSection(ExtensibilityGlobals) = postSolution
		SolutionGuid = {546D32D7-0776-4579-91C8-FD8838E9F4A6}
	EndGlobalSection
EndGlobal
